
Microsoft Visual Studio Solution File, Format Version 12.00
# Visual Studio 14
VisualStudioVersion = 14.0.25420.1
MinimumVisualStudioVersion = 10.0.40219.1
Project("{FAE04EC0-301F-11D3-BF4B-00C04F79EFBC}") = "UWP_SampleApp", "UWP_SampleApp\UWP_SampleApp.csproj", "{3DFB5A35-F44C-4C54-BF7F-AF91AFFB5C90}"
EndProject
Project("{FAE04EC0-301F-11D3-BF4B-00C04F79EFBC}") = "UWP_SampleApp.UnitTests", "UWP_SampleApp.UnitTests\UWP_SampleApp.UnitTests.csproj", "{E3C5A8F0-EEF8-40E8-8ADB-5FF2A729CCE2}"
EndProject
Project("{FAE04EC0-301F-11D3-BF4B-00C04F79EFBC}") = "BusinessObjects", "BusinessObjects\BusinessObjects.csproj", "{32ABB3BE-0ED2-47C4-988A-711F466D70AC}"
EndProject
Project("{FAE04EC0-301F-11D3-BF4B-00C04F79EFBC}") = "Sample_Web_API", "Sample_Web_API\Sample_Web_API.csproj", "{675BF4E5-FA75-4619-9A22-F4A2061AC645}"
EndProject
Project("{FAE04EC0-301F-11D3-BF4B-00C04F79EFBC}") = "Sample_Web_API.Tests", "Sample_Web_API.Tests\Sample_Web_API.Tests.csproj", "{0F6E0EC5-EB04-4189-A066-1734F944085F}"
EndProject
Project("{FAE04EC0-301F-11D3-BF4B-00C04F79EFBC}") = "Infrastructure", "Infrastructure\Infrastructure.csproj", "{A1419693-79F2-4554-A44E-DE20947F4472}"
EndProject
Global
	GlobalSection(SolutionConfigurationPlatforms) = preSolution
		Debug|Any CPU = Debug|Any CPU
		Debug|ARM = Debug|ARM
		Debug|x64 = Debug|x64
		Debug|x86 = Debug|x86
		Release|Any CPU = Release|Any CPU
		Release|ARM = Release|ARM
		Release|x64 = Release|x64
		Release|x86 = Release|x86
	EndGlobalSection
	GlobalSection(ProjectConfigurationPlatforms) = postSolution
		{3DFB5A35-F44C-4C54-BF7F-AF91AFFB5C90}.Debug|Any CPU.ActiveCfg = Debug|x86
		{3DFB5A35-F44C-4C54-BF7F-AF91AFFB5C90}.Debug|ARM.ActiveCfg = Debug|ARM
		{3DFB5A35-F44C-4C54-BF7F-AF91AFFB5C90}.Debug|ARM.Build.0 = Debug|ARM
		{3DFB5A35-F44C-4C54-BF7F-AF91AFFB5C90}.Debug|ARM.Deploy.0 = Debug|ARM
		{3DFB5A35-F44C-4C54-BF7F-AF91AFFB5C90}.Debug|x64.ActiveCfg = Debug|x64
		{3DFB5A35-F44C-4C54-BF7F-AF91AFFB5C90}.Debug|x64.Build.0 = Debug|x64
		{3DFB5A35-F44C-4C54-BF7F-AF91AFFB5C90}.Debug|x64.Deploy.0 = Debug|x64
		{3DFB5A35-F44C-4C54-BF7F-AF91AFFB5C90}.Debug|x86.ActiveCfg = Debug|x86
		{3DFB5A35-F44C-4C54-BF7F-AF91AFFB5C90}.Debug|x86.Build.0 = Debug|x86
		{3DFB5A35-F44C-4C54-BF7F-AF91AFFB5C90}.Debug|x86.Deploy.0 = Debug|x86
		{3DFB5A35-F44C-4C54-BF7F-AF91AFFB5C90}.Release|Any CPU.ActiveCfg = Release|x86
		{3DFB5A35-F44C-4C54-BF7F-AF91AFFB5C90}.Release|ARM.ActiveCfg = Release|ARM
		{3DFB5A35-F44C-4C54-BF7F-AF91AFFB5C90}.Release|ARM.Build.0 = Release|ARM
		{3DFB5A35-F44C-4C54-BF7F-AF91AFFB5C90}.Release|ARM.Deploy.0 = Release|ARM
		{3DFB5A35-F44C-4C54-BF7F-AF91AFFB5C90}.Release|x64.ActiveCfg = Release|x64
		{3DFB5A35-F44C-4C54-BF7F-AF91AFFB5C90}.Release|x64.Build.0 = Release|x64
		{3DFB5A35-F44C-4C54-BF7F-AF91AFFB5C90}.Release|x64.Deploy.0 = Release|x64
		{3DFB5A35-F44C-4C54-BF7F-AF91AFFB5C90}.Release|x86.ActiveCfg = Release|x86
		{3DFB5A35-F44C-4C54-BF7F-AF91AFFB5C90}.Release|x86.Build.0 = Release|x86
		{3DFB5A35-F44C-4C54-BF7F-AF91AFFB5C90}.Release|x86.Deploy.0 = Release|x86
		{E3C5A8F0-EEF8-40E8-8ADB-5FF2A729CCE2}.Debug|Any CPU.ActiveCfg = Debug|x86
		{E3C5A8F0-EEF8-40E8-8ADB-5FF2A729CCE2}.Debug|ARM.ActiveCfg = Debug|ARM
		{E3C5A8F0-EEF8-40E8-8ADB-5FF2A729CCE2}.Debug|ARM.Build.0 = Debug|ARM
		{E3C5A8F0-EEF8-40E8-8ADB-5FF2A729CCE2}.Debug|ARM.Deploy.0 = Debug|ARM
		{E3C5A8F0-EEF8-40E8-8ADB-5FF2A729CCE2}.Debug|x64.ActiveCfg = Debug|x64
		{E3C5A8F0-EEF8-40E8-8ADB-5FF2A729CCE2}.Debug|x64.Build.0 = Debug|x64
		{E3C5A8F0-EEF8-40E8-8ADB-5FF2A729CCE2}.Debug|x64.Deploy.0 = Debug|x64
		{E3C5A8F0-EEF8-40E8-8ADB-5FF2A729CCE2}.Debug|x86.ActiveCfg = Debug|x86
		{E3C5A8F0-EEF8-40E8-8ADB-5FF2A729CCE2}.Debug|x86.Build.0 = Debug|x86
		{E3C5A8F0-EEF8-40E8-8ADB-5FF2A729CCE2}.Debug|x86.Deploy.0 = Debug|x86
		{E3C5A8F0-EEF8-40E8-8ADB-5FF2A729CCE2}.Release|Any CPU.ActiveCfg = Release|x86
		{E3C5A8F0-EEF8-40E8-8ADB-5FF2A729CCE2}.Release|ARM.ActiveCfg = Release|ARM
		{E3C5A8F0-EEF8-40E8-8ADB-5FF2A729CCE2}.Release|ARM.Build.0 = Release|ARM
		{E3C5A8F0-EEF8-40E8-8ADB-5FF2A729CCE2}.Release|ARM.Deploy.0 = Release|ARM
		{E3C5A8F0-EEF8-40E8-8ADB-5FF2A729CCE2}.Release|x64.ActiveCfg = Release|x64
		{E3C5A8F0-EEF8-40E8-8ADB-5FF2A729CCE2}.Release|x64.Build.0 = Release|x64
		{E3C5A8F0-EEF8-40E8-8ADB-5FF2A729CCE2}.Release|x64.Deploy.0 = Release|x64
		{E3C5A8F0-EEF8-40E8-8ADB-5FF2A729CCE2}.Release|x86.ActiveCfg = Release|x86
		{E3C5A8F0-EEF8-40E8-8ADB-5FF2A729CCE2}.Release|x86.Build.0 = Release|x86
		{E3C5A8F0-EEF8-40E8-8ADB-5FF2A729CCE2}.Release|x86.Deploy.0 = Release|x86
		{32ABB3BE-0ED2-47C4-988A-711F466D70AC}.Debug|Any CPU.ActiveCfg = Debug|Any CPU
		{32ABB3BE-0ED2-47C4-988A-711F466D70AC}.Debug|Any CPU.Build.0 = Debug|Any CPU
		{32ABB3BE-0ED2-47C4-988A-711F466D70AC}.Debug|ARM.ActiveCfg = Debug|Any CPU
		{32ABB3BE-0ED2-47C4-988A-711F466D70AC}.Debug|ARM.Build.0 = Debug|Any CPU
		{32ABB3BE-0ED2-47C4-988A-711F466D70AC}.Debug|x64.ActiveCfg = Debug|Any CPU
		{32ABB3BE-0ED2-47C4-988A-711F466D70AC}.Debug|x64.Build.0 = Debug|Any CPU
		{32ABB3BE-0ED2-47C4-988A-711F466D70AC}.Debug|x86.ActiveCfg = Debug|Any CPU
		{32ABB3BE-0ED2-47C4-988A-711F466D70AC}.Debug|x86.Build.0 = Debug|Any CPU
		{32ABB3BE-0ED2-47C4-988A-711F466D70AC}.Release|Any CPU.ActiveCfg = Release|Any CPU
		{32ABB3BE-0ED2-47C4-988A-711F466D70AC}.Release|Any CPU.Build.0 = Release|Any CPU
		{32ABB3BE-0ED2-47C4-988A-711F466D70AC}.Release|ARM.ActiveCfg = Release|Any CPU
		{32ABB3BE-0ED2-47C4-988A-711F466D70AC}.Release|ARM.Build.0 = Release|Any CPU
		{32ABB3BE-0ED2-47C4-988A-711F466D70AC}.Release|x64.ActiveCfg = Release|Any CPU
		{32ABB3BE-0ED2-47C4-988A-711F466D70AC}.Release|x64.Build.0 = Release|Any CPU
		{32ABB3BE-0ED2-47C4-988A-711F466D70AC}.Release|x86.ActiveCfg = Release|Any CPU
		{32ABB3BE-0ED2-47C4-988A-711F466D70AC}.Release|x86.Build.0 = Release|Any CPU
		{675BF4E5-FA75-4619-9A22-F4A2061AC645}.Debug|Any CPU.ActiveCfg = Debug|Any CPU
		{675BF4E5-FA75-4619-9A22-F4A2061AC645}.Debug|Any CPU.Build.0 = Debug|Any CPU
		{675BF4E5-FA75-4619-9A22-F4A2061AC645}.Debug|ARM.ActiveCfg = Debug|Any CPU
		{675BF4E5-FA75-4619-9A22-F4A2061AC645}.Debug|ARM.Build.0 = Debug|Any CPU
		{675BF4E5-FA75-4619-9A22-F4A2061AC645}.Debug|x64.ActiveCfg = Debug|Any CPU
		{675BF4E5-FA75-4619-9A22-F4A2061AC645}.Debug|x64.Build.0 = Debug|Any CPU
		{675BF4E5-FA75-4619-9A22-F4A2061AC645}.Debug|x86.ActiveCfg = Debug|Any CPU
		{675BF4E5-FA75-4619-9A22-F4A2061AC645}.Debug|x86.Build.0 = Debug|Any CPU
		{675BF4E5-FA75-4619-9A22-F4A2061AC645}.Release|Any CPU.ActiveCfg = Release|Any CPU
		{675BF4E5-FA75-4619-9A22-F4A2061AC645}.Release|Any CPU.Build.0 = Release|Any CPU
		{675BF4E5-FA75-4619-9A22-F4A2061AC645}.Release|ARM.ActiveCfg = Release|Any CPU
		{675BF4E5-FA75-4619-9A22-F4A2061AC645}.Release|ARM.Build.0 = Release|Any CPU
		{675BF4E5-FA75-4619-9A22-F4A2061AC645}.Release|x64.ActiveCfg = Release|Any CPU
		{675BF4E5-FA75-4619-9A22-F4A2061AC645}.Release|x64.Build.0 = Release|Any CPU
		{675BF4E5-FA75-4619-9A22-F4A2061AC645}.Release|x86.ActiveCfg = Release|Any CPU
		{675BF4E5-FA75-4619-9A22-F4A2061AC645}.Release|x86.Build.0 = Release|Any CPU
		{0F6E0EC5-EB04-4189-A066-1734F944085F}.Debug|Any CPU.ActiveCfg = Debug|Any CPU
		{0F6E0EC5-EB04-4189-A066-1734F944085F}.Debug|Any CPU.Build.0 = Debug|Any CPU
		{0F6E0EC5-EB04-4189-A066-1734F944085F}.Debug|ARM.ActiveCfg = Debug|Any CPU
		{0F6E0EC5-EB04-4189-A066-1734F944085F}.Debug|ARM.Build.0 = Debug|Any CPU
		{0F6E0EC5-EB04-4189-A066-1734F944085F}.Debug|x64.ActiveCfg = Debug|Any CPU
		{0F6E0EC5-EB04-4189-A066-1734F944085F}.Debug|x64.Build.0 = Debug|Any CPU
		{0F6E0EC5-EB04-4189-A066-1734F944085F}.Debug|x86.ActiveCfg = Debug|Any CPU
		{0F6E0EC5-EB04-4189-A066-1734F944085F}.Debug|x86.Build.0 = Debug|Any CPU
		{0F6E0EC5-EB04-4189-A066-1734F944085F}.Release|Any CPU.ActiveCfg = Release|Any CPU
		{0F6E0EC5-EB04-4189-A066-1734F944085F}.Release|Any CPU.Build.0 = Release|Any CPU
		{0F6E0EC5-EB04-4189-A066-1734F944085F}.Release|ARM.ActiveCfg = Release|Any CPU
		{0F6E0EC5-EB04-4189-A066-1734F944085F}.Release|ARM.Build.0 = Release|Any CPU
		{0F6E0EC5-EB04-4189-A066-1734F944085F}.Release|x64.ActiveCfg = Release|Any CPU
		{0F6E0EC5-EB04-4189-A066-1734F944085F}.Release|x64.Build.0 = Release|Any CPU
		{0F6E0EC5-EB04-4189-A066-1734F944085F}.Release|x86.ActiveCfg = Release|Any CPU
		{0F6E0EC5-EB04-4189-A066-1734F944085F}.Release|x86.Build.0 = Release|Any CPU
		{A1419693-79F2-4554-A44E-DE20947F4472}.Debug|Any CPU.ActiveCfg = Debug|Any CPU
		{A1419693-79F2-4554-A44E-DE20947F4472}.Debug|Any CPU.Build.0 = Debug|Any CPU
		{A1419693-79F2-4554-A44E-DE20947F4472}.Debug|ARM.ActiveCfg = Debug|Any CPU
		{A1419693-79F2-4554-A44E-DE20947F4472}.Debug|ARM.Build.0 = Debug|Any CPU
		{A1419693-79F2-4554-A44E-DE20947F4472}.Debug|x64.ActiveCfg = Debug|Any CPU
		{A1419693-79F2-4554-A44E-DE20947F4472}.Debug|x64.Build.0 = Debug|Any CPU
		{A1419693-79F2-4554-A44E-DE20947F4472}.Debug|x86.ActiveCfg = Debug|Any CPU
		{A1419693-79F2-4554-A44E-DE20947F4472}.Debug|x86.Build.0 = Debug|Any CPU
		{A1419693-79F2-4554-A44E-DE20947F4472}.Release|Any CPU.ActiveCfg = Release|Any CPU
		{A1419693-79F2-4554-A44E-DE20947F4472}.Release|Any CPU.Build.0 = Release|Any CPU
		{A1419693-79F2-4554-A44E-DE20947F4472}.Release|ARM.ActiveCfg = Release|Any CPU
		{A1419693-79F2-4554-A44E-DE20947F4472}.Release|ARM.Build.0 = Release|Any CPU
		{A1419693-79F2-4554-A44E-DE20947F4472}.Release|x64.ActiveCfg = Release|Any CPU
		{A1419693-79F2-4554-A44E-DE20947F4472}.Release|x64.Build.0 = Release|Any CPU
		{A1419693-79F2-4554-A44E-DE20947F4472}.Release|x86.ActiveCfg = Release|Any CPU
		{A1419693-79F2-4554-A44E-DE20947F4472}.Release|x86.Build.0 = Release|Any CPU
	EndGlobalSection
	GlobalSection(SolutionProperties) = preSolution
		HideSolutionNode = FALSE
	EndGlobalSection
EndGlobal
